{
  "name": "octopus-exporter",
  "version": "1.0.0",
  "lockfileVersion": 2,
  "requires": true,
  "packages": {
    "": {
      "name": "octopus-exporter",
      "version": "1.0.0",
      "license": "ISC",
      "dependencies": {
        "@influxdata/influxdb-client": "^1.18.0",
        "axios": "^0.21.4",
        "dotenv": "^10.0.0",
        "env-var": "^7.3.0",
        "influx": "^5.9.3"
      }
    },
    "node_modules/@influxdata/influxdb-client": {
      "version": "1.18.0",
      "resolved": "https://registry.npmjs.org/@influxdata/influxdb-client/-/influxdb-client-1.18.0.tgz",
      "integrity": "sha512-0C2mKb5hR61WqiWzwEwqHvBkYzaFI4QLKaffGj3IPHoouKYoFQSCLHK5C3Jws25LopqWvellVimf12CsnZXzGg=="
    },
    "node_modules/axios": {
      "version": "0.21.4",
      "resolved": "https://registry.npmjs.org/axios/-/axios-0.21.4.tgz",
      "integrity": "sha512-ut5vewkiu8jjGBdqpM44XxjuCjq9LAKeHVmoVfHVzy8eHgxxq8SbAVQNovDA8mVi05kP0Ea/n/UzcSHcTJQfNg==",
      "dependencies": {
        "follow-redirects": "^1.14.0"
      }
    },
    "node_modules/dotenv": {
      "version": "10.0.0",
      "resolved": "https://registry.npmjs.org/dotenv/-/dotenv-10.0.0.tgz",
      "integrity": "sha512-rlBi9d8jpv9Sf1klPjNfFAuWDjKLwTIJJ/VxtoTwIR6hnZxcEOQCZg2oIL3MWBYw5GpUDKOEnND7LXTbIpQ03Q==",
      "engines": {
        "node": ">=10"
      }
    },
    "node_modules/env-var": {
      "version": "7.3.0",
      "resolved": "https://registry.npmjs.org/env-var/-/env-var-7.3.0.tgz",
      "integrity": "sha512-qwtwYJ9d3XFxXRDudPEAMszaggpDgcfb1ZGYb9/cNyMugN2/a8EtviopnRL6c+petj2vp6/gxwYd9ExL1/iPcw==",
      "engines": {
        "node": ">=10"
      }
    },
    "node_modules/follow-redirects": {
      "version": "1.15.2",
      "resolved": "https://registry.npmjs.org/follow-redirects/-/follow-redirects-1.15.2.tgz",
      "integrity": "sha512-VQLG33o04KaQ8uYi2tVNbdrWp1QWxNNea+nmIB4EVM28v0hmP17z7aG1+wAkNzVq4KeXTq3221ye5qTJP91JwA==",
      "funding": [
        {
          "type": "individual",
          "url": "https://github.com/sponsors/RubenVerborgh"
        }
      ],
      "engines": {
        "node": ">=4.0"
      },
      "peerDependenciesMeta": {
        "debug": {
          "optional": true
        }
      }
    },
    "node_modules/influx": {
      "version": "5.9.3",
      "resolved": "https://registry.npmjs.org/influx/-/influx-5.9.3.tgz",
      "integrity": "sha512-QQU9CgwnaEV6zMrK8+vhVItsdoKFqDioXJrjJhRQaff9utvT3N0jcrQJT9qnxFLktqgJ5ngbDY68Zh4eo4uD/w=="
    }
  },
  "dependencies": {
    "@influxdata/influxdb-client": {
      "version": "1.18.0",
      "resolved": "https://registry.npmjs.org/@influxdata/influxdb-client/-/influxdb-client-1.18.0.tgz",
      "integrity": "sha512-0C2mKb5hR61WqiWzwEwqHvBkYzaFI4QLKaffGj3IPHoouKYoFQSCLHK5C3Jws25LopqWvellVimf12CsnZXzGg=="
    },
    "axios": {
      "version": "0.21.4",
      "resolved": "https://registry.npmjs.org/axios/-/axios-0.21.4.tgz",
      "integrity": "sha512-ut5vewkiu8jjGBdqpM44XxjuCjq9LAKeHVmoVfHVzy8eHgxxq8SbAVQNovDA8mVi05kP0Ea/n/UzcSHcTJQfNg==",
      "requires": {
        "follow-redirects": "^1.14.0"
      }
    },
    "dotenv": {
      "version": "10.0.0",
      "resolved": "https://registry.npmjs.org/dotenv/-/dotenv-10.0.0.tgz",
      "integrity": "sha512-rlBi9d8jpv9Sf1klPjNfFAuWDjKLwTIJJ/VxtoTwIR6hnZxcEOQCZg2oIL3MWBYw5GpUDKOEnND7LXTbIpQ03Q=="
    },
    "env-var": {
      "version": "7.3.0",
      "resolved": "https://registry.npmjs.org/env-var/-/env-var-7.3.0.tgz",
      "integrity": "sha512-qwtwYJ9d3XFxXRDudPEAMszaggpDgcfb1ZGYb9/cNyMugN2/a8EtviopnRL6c+petj2vp6/gxwYd9ExL1/iPcw=="
    },
    "follow-redirects": {
      "version": "1.15.2",
      "resolved": "https://registry.npmjs.org/follow-redirects/-/follow-redirects-1.15.2.tgz",
      "integrity": "sha512-VQLG33o04KaQ8uYi2tVNbdrWp1QWxNNea+nmIB4EVM28v0hmP17z7aG1+wAkNzVq4KeXTq3221ye5qTJP91JwA=="
    },
    "influx": {
      "version": "5.9.3",
      "resolved": "https://registry.npmjs.org/influx/-/influx-5.9.3.tgz",
      "integrity": "sha512-QQU9CgwnaEV6zMrK8+vhVItsdoKFqDioXJrjJhRQaff9utvT3N0jcrQJT9qnxFLktqgJ5ngbDY68Zh4eo4uD/w=="
    }
  }
}
